// !$*UTF8*$!
{
	archiveVersion = 1;
	classes = {
	};
	objectVersion = 50;
	objects = {

/* Begin PBXBuildFile section */
		92D127522695A593006A0E64 /* AppDelegate.swift in Sources */ = {isa = PBXBuildFile; fileRef = 92D127512695A593006A0E64 /* AppDelegate.swift */; };
		92D127542695A593006A0E64 /* SceneDelegate.swift in Sources */ = {isa = PBXBuildFile; fileRef = 92D127532695A593006A0E64 /* SceneDelegate.swift */; };
		92D127562695A593006A0E64 /* ViewController.swift in Sources */ = {isa = PBXBuildFile; fileRef = 92D127552695A593006A0E64 /* ViewController.swift */; };
		92D127592695A593006A0E64 /* Main.storyboard in Resources */ = {isa = PBXBuildFile; fileRef = 92D127572695A593006A0E64 /* Main.storyboard */; };
		92D1275B2695A596006A0E64 /* Assets.xcassets in Resources */ = {isa = PBXBuildFile; fileRef = 92D1275A2695A596006A0E64 /* Assets.xcassets */; };
		92D1275E2695A596006A0E64 /* LaunchScreen.storyboard in Resources */ = {isa = PBXBuildFile; fileRef = 92D1275C2695A596006A0E64 /* LaunchScreen.storyboard */; };
		92D127692695A597006A0E64 /* Chat_MemoAppTests.swift in Sources */ = {isa = PBXBuildFile; fileRef = 92D127682695A597006A0E64 /* Chat_MemoAppTests.swift */; };
		92D127742695A597006A0E64 /* Chat_MemoAppUITests.swift in Sources */ = {isa = PBXBuildFile; fileRef = 92D127732695A597006A0E64 /* Chat_MemoAppUITests.swift */; };
/* End PBXBuildFile section */

/* Begin PBXContainerItemProxy section */
		92D127652695A597006A0E64 /* PBXContainerItemProxy */ = {
			isa = PBXContainerItemProxy;
			containerPortal = 92D127462695A593006A0E64 /* Project object */;
			proxyType = 1;
			remoteGlobalIDString = 92D1274D2695A593006A0E64;
			remoteInfo = "Chat風MemoApp";
		};
		92D127702695A597006A0E64 /* PBXContainerItemProxy */ = {
			isa = PBXContainerItemProxy;
			containerPortal = 92D127462695A593006A0E64 /* Project object */;
			proxyType = 1;
			remoteGlobalIDString = 92D1274D2695A593006A0E64;
			remoteInfo = "Chat風MemoApp";
		};
/* End PBXContainerItemProxy section */

/* Begin PBXFileReference section */
		92D1274E2695A593006A0E64 /* Chat風MemoApp.app */ = {isa = PBXFileReference; explicitFileType = wrapper.application; includeInIndex = 0; path = "Chat風MemoApp.app"; sourceTree = BUILT_PRODUCTS_DIR; };
		92D127512695A593006A0E64 /* AppDelegate.swift */ = {isa = PBXFileReference; lastKnownFileType = sourcecode.swift; path = AppDelegate.swift; sourceTree = "<group>"; };
		92D127532695A593006A0E64 /* SceneDelegate.swift */ = {isa = PBXFileReference; lastKnownFileType = sourcecode.swift; path = SceneDelegate.swift; sourceTree = "<group>"; };
		92D127552695A593006A0E64 /* ViewController.swift */ = {isa = PBXFileReference; lastKnownFileType = sourcecode.swift; path = ViewController.swift; sourceTree = "<group>"; };
		92D127582695A593006A0E64 /* Base */ = {isa = PBXFileReference; lastKnownFileType = file.storyboard; name = Base; path = Base.lproj/Main.storyboard; sourceTree = "<group>"; };
		92D1275A2695A596006A0E64 /* Assets.xcassets */ = {isa = PBXFileReference; lastKnownFileType = folder.assetcatalog; path = Assets.xcassets; sourceTree = "<group>"; };
		92D1275D2695A596006A0E64 /* Base */ = {isa = PBXFileReference; lastKnownFileType = file.storyboard; name = Base; path = Base.lproj/LaunchScreen.storyboard; sourceTree = "<group>"; };
		92D1275F2695A596006A0E64 /* Info.plist */ = {isa = PBXFileReference; lastKnownFileType = text.plist.xml; path = Info.plist; sourceTree = "<group>"; };
		92D127642695A597006A0E64 /* Chat風MemoAppTests.xctest */ = {isa = PBXFileReference; explicitFileType = wrapper.cfbundle; includeInIndex = 0; path = "Chat風MemoAppTests.xctest"; sourceTree = BUILT_PRODUCTS_DIR; };
		92D127682695A597006A0E64 /* Chat_MemoAppTests.swift */ = {isa = PBXFileReference; lastKnownFileType = sourcecode.swift; path = Chat_MemoAppTests.swift; sourceTree = "<group>"; };
		92D1276A2695A597006A0E64 /* Info.plist */ = {isa = PBXFileReference; lastKnownFileType = text.plist.xml; path = Info.plist; sourceTree = "<group>"; };
		92D1276F2695A597006A0E64 /* Chat風MemoAppUITests.xctest */ = {isa = PBXFileReference; explicitFileType = wrapper.cfbundle; includeInIndex = 0; path = "Chat風MemoAppUITests.xctest"; sourceTree = BUILT_PRODUCTS_DIR; };
		92D127732695A597006A0E64 /* Chat_MemoAppUITests.swift */ = {isa = PBXFileReference; lastKnownFileType = sourcecode.swift; path = Chat_MemoAppUITests.swift; sourceTree = "<group>"; };
		92D127752695A597006A0E64 /* Info.plist */ = {isa = PBXFileReference; lastKnownFileType = text.plist.xml; path = Info.plist; sourceTree = "<group>"; };
/* End PBXFileReference section */

/* Begin PBXFrameworksBuildPhase section */
		92D1274B2695A593006A0E64 /* Frameworks */ = {
			isa = PBXFrameworksBuildPhase;
			buildActionMask = 2147483647;
			files = (
			);
			runOnlyForDeploymentPostprocessing = 0;
		};
		92D127612695A597006A0E64 /* Frameworks */ = {
			isa = PBXFrameworksBuildPhase;
			buildActionMask = 2147483647;
			files = (
			);
			runOnlyForDeploymentPostprocessing = 0;
		};
		92D1276C2695A597006A0E64 /* Frameworks */ = {
			isa = PBXFrameworksBuildPhase;
			buildActionMask = 2147483647;
			files = (
			);
			runOnlyForDeploymentPostprocessing = 0;
		};
/* End PBXFrameworksBuildPhase section */

/* Begin PBXGroup section */
		92D127452695A593006A0E64 = {
			isa = PBXGroup;
			children = (
				92D127502695A593006A0E64 /* Chat風MemoApp */,
				92D127672695A597006A0E64 /* Chat風MemoAppTests */,
				92D127722695A597006A0E64 /* Chat風MemoAppUITests */,
				92D1274F2695A593006A0E64 /* Products */,
			);
			sourceTree = "<group>";
		};
		92D1274F2695A593006A0E64 /* Products */ = {
			isa = PBXGroup;
			children = (
				92D1274E2695A593006A0E64 /* Chat風MemoApp.app */,
				92D127642695A597006A0E64 /* Chat風MemoAppTests.xctest */,
				92D1276F2695A597006A0E64 /* Chat風MemoAppUITests.xctest */,
			);
			name = Products;
			sourceTree = "<group>";
		};
		92D127502695A593006A0E64 /* Chat風MemoApp */ = {
			isa = PBXGroup;
			children = (
				92D127512695A593006A0E64 /* AppDelegate.swift */,
				92D127532695A593006A0E64 /* SceneDelegate.swift */,
				92D127552695A593006A0E64 /* ViewController.swift */,
				92D127572695A593006A0E64 /* Main.storyboard */,
				92D1275A2695A596006A0E64 /* Assets.xcassets */,
				92D1275C2695A596006A0E64 /* LaunchScreen.storyboard */,
				92D1275F2695A596006A0E64 /* Info.plist */,
			);
			path = "Chat風MemoApp";
			sourceTree = "<group>";
		};
		92D127672695A597006A0E64 /* Chat風MemoAppTests */ = {
			isa = PBXGroup;
			children = (
				92D127682695A597006A0E64 /* Chat_MemoAppTests.swift */,
				92D1276A2695A597006A0E64 /* Info.plist */,
			);
			path = "Chat風MemoAppTests";
			sourceTree = "<group>";
		};
		92D127722695A597006A0E64 /* Chat風MemoAppUITests */ = {
			isa = PBXGroup;
			children = (
				92D127732695A597006A0E64 /* Chat_MemoAppUITests.swift */,
				92D127752695A597006A0E64 /* Info.plist */,
			);
			path = "Chat風MemoAppUITests";
			sourceTree = "<group>";
		};
/* End PBXGroup section */

/* Begin PBXNativeTarget section */
		92D1274D2695A593006A0E64 /* Chat風MemoApp */ = {
			isa = PBXNativeTarget;
			buildConfigurationList = 92D127782695A597006A0E64 /* Build configuration list for PBXNativeTarget "Chat風MemoApp" */;
			buildPhases = (
				92D1274A2695A593006A0E64 /* Sources */,
				92D1274B2695A593006A0E64 /* Frameworks */,
				92D1274C2695A593006A0E64 /* Resources */,
			);
			buildRules = (
			);
			dependencies = (
			);
			name = "Chat風MemoApp";
			productName = "Chat風MemoApp";
			productReference = 92D1274E2695A593006A0E64 /* Chat風MemoApp.app */;
			productType = "com.apple.product-type.application";
		};
		92D127632695A597006A0E64 /* Chat風MemoAppTests */ = {
			isa = PBXNativeTarget;
			buildConfigurationList = 92D1277B2695A597006A0E64 /* Build configuration list for PBXNativeTarget "Chat風MemoAppTests" */;
			buildPhases = (
				92D127602695A597006A0E64 /* Sources */,
				92D127612695A597006A0E64 /* Frameworks */,
				92D127622695A597006A0E64 /* Resources */,
			);
			buildRules = (
			);
			dependencies = (
				92D127662695A597006A0E64 /* PBXTargetDependency */,
			);
			name = "Chat風MemoAppTests";
			productName = "Chat風MemoAppTests";
			productReference = 92D127642695A597006A0E64 /* Chat風MemoAppTests.xctest */;
			productType = "com.apple.product-type.bundle.unit-test";
		};
		92D1276E2695A597006A0E64 /* Chat風MemoAppUITests */ = {
			isa = PBXNativeTarget;
			buildConfigurationList = 92D1277E2695A597006A0E64 /* Build configuration list for PBXNativeTarget "Chat風MemoAppUITests" */;
			buildPhases = (
				92D1276B2695A597006A0E64 /* Sources */,
				92D1276C2695A597006A0E64 /* Frameworks */,
				92D1276D2695A597006A0E64 /* Resources */,
			);
			buildRules = (
			);
			dependencies = (
				92D127712695A597006A0E64 /* PBXTargetDependency */,
			);
			name = "Chat風MemoAppUITests";
			productName = "Chat風MemoAppUITests";
			productReference = 92D1276F2695A597006A0E64 /* Chat風MemoAppUITests.xctest */;
			productType = "com.apple.product-type.bundle.ui-testing";
		};
/* End PBXNativeTarget section */

/* Begin PBXProject section */
		92D127462695A593006A0E64 /* Project object */ = {
			isa = PBXProject;
			attributes = {
				LastSwiftUpdateCheck = 1240;
				LastUpgradeCheck = 1240;
				TargetAttributes = {
					92D1274D2695A593006A0E64 = {
						CreatedOnToolsVersion = 12.4;
					};
					92D127632695A597006A0E64 = {
						CreatedOnToolsVersion = 12.4;
						TestTargetID = 92D1274D2695A593006A0E64;
					};
					92D1276E2695A597006A0E64 = {
						CreatedOnToolsVersion = 12.4;
						TestTargetID = 92D1274D2695A593006A0E64;
					};
				};
			};
			buildConfigurationList = 92D127492695A593006A0E64 /* Build configuration list for PBXProject "Chat風MemoApp" */;
			compatibilityVersion = "Xcode 9.3";
			developmentRegion = en;
			hasScannedForEncodings = 0;
			knownRegions = (
				en,
				Base,
			);
			mainGroup = 92D127452695A593006A0E64;
			productRefGroup = 92D1274F2695A593006A0E64 /* Products */;
			projectDirPath = "";
			projectRoot = "";
			targets = (
				92D1274D2695A593006A0E64 /* Chat風MemoApp */,
				92D127632695A597006A0E64 /* Chat風MemoAppTests */,
				92D1276E2695A597006A0E64 /* Chat風MemoAppUITests */,
			);
		};
/* End PBXProject section */

/* Begin PBXResourcesBuildPhase section */
		92D1274C2695A593006A0E64 /* Resources */ = {
			isa = PBXResourcesBuildPhase;
			buildActionMask = 2147483647;
			files = (
				92D1275E2695A596006A0E64 /* LaunchScreen.storyboard in Resources */,
				92D1275B2695A596006A0E64 /* Assets.xcassets in Resources */,
				92D127592695A593006A0E64 /* Main.storyboard in Resources */,
			);
			runOnlyForDeploymentPostprocessing = 0;
		};
		92D127622695A597006A0E64 /* Resources */ = {
			isa = PBXResourcesBuildPhase;
			buildActionMask = 2147483647;
			files = (
			);
			runOnlyForDeploymentPostprocessing = 0;
		};
		92D1276D2695A597006A0E64 /* Resources */ = {
			isa = PBXResourcesBuildPhase;
			buildActionMask = 2147483647;
			files = (
			);
			runOnlyForDeploymentPostprocessing = 0;
		};
/* End PBXResourcesBuildPhase section */

/* Begin PBXSourcesBuildPhase section */
		92D1274A2695A593006A0E64 /* Sources */ = {
			isa = PBXSourcesBuildPhase;
			buildActionMask = 2147483647;
			files = (
				92D127562695A593006A0E64 /* ViewController.swift in Sources */,
				92D127522695A593006A0E64 /* AppDelegate.swift in Sources */,
				92D127542695A593006A0E64 /* SceneDelegate.swift in Sources */,
			);
			runOnlyForDeploymentPostprocessing = 0;
		};
		92D127602695A597006A0E64 /* Sources */ = {
			isa = PBXSourcesBuildPhase;
			buildActionMask = 2147483647;
			files = (
				92D127692695A597006A0E64 /* Chat_MemoAppTests.swift in Sources */,
			);
			runOnlyForDeploymentPostprocessing = 0;
		};
		92D1276B2695A597006A0E64 /* Sources */ = {
			isa = PBXSourcesBuildPhase;
			buildActionMask = 2147483647;
			files = (
				92D127742695A597006A0E64 /* Chat_MemoAppUITests.swift in Sources */,
			);
			runOnlyForDeploymentPostprocessing = 0;
		};
/* End PBXSourcesBuildPhase section */

/* Begin PBXTargetDependency section */
		92D127662695A597006A0E64 /* PBXTargetDependency */ = {
			isa = PBXTargetDependency;
			target = 92D1274D2695A593006A0E64 /* Chat風MemoApp */;
			targetProxy = 92D127652695A597006A0E64 /* PBXContainerItemProxy */;
		};
		92D127712695A597006A0E64 /* PBXTargetDependency */ = {
			isa = PBXTargetDependency;
			target = 92D1274D2695A593006A0E64 /* Chat風MemoApp */;
			targetProxy = 92D127702695A597006A0E64 /* PBXContainerItemProxy */;
		};
/* End PBXTargetDependency section */

/* Begin PBXVariantGroup section */
		92D127572695A593006A0E64 /* Main.storyboard */ = {
			isa = PBXVariantGroup;
			children = (
				92D127582695A593006A0E64 /* Base */,
			);
			name = Main.storyboard;
			sourceTree = "<group>";
		};
		92D1275C2695A596006A0E64 /* LaunchScreen.storyboard */ = {
			isa = PBXVariantGroup;
			children = (
				92D1275D2695A596006A0E64 /* Base */,
			);
			name = LaunchScreen.storyboard;
			sourceTree = "<group>";
		};
/* End PBXVariantGroup section */

/* Begin XCBuildConfiguration section */
		92D127762695A597006A0E64 /* Debug */ = {
			isa = XCBuildConfiguration;
			buildSettings = {
				ALWAYS_SEARCH_USER_PATHS = NO;
				CLANG_ANALYZER_NONNULL = YES;
				CLANG_ANALYZER_NUMBER_OBJECT_CONVERSION = YES_AGGRESSIVE;
				CLANG_CXX_LANGUAGE_STANDARD = "gnu++14";
				CLANG_CXX_LIBRARY = "libc++";
				CLANG_ENABLE_MODULES = YES;
				CLANG_ENABLE_OBJC_ARC = YES;
				CLANG_ENABLE_OBJC_WEAK = YES;
				CLANG_WARN_BLOCK_CAPTURE_AUTORELEASING = YES;
				CLANG_WARN_BOOL_CONVERSION = YES;
				CLANG_WARN_COMMA = YES;
				CLANG_WARN_CONSTANT_CONVERSION = YES;
				CLANG_WARN_DEPRECATED_OBJC_IMPLEMENTATIONS = YES;
				CLANG_WARN_DIRECT_OBJC_ISA_USAGE = YES_ERROR;
				CLANG_WARN_DOCUMENTATION_COMMENTS = YES;
				CLANG_WARN_EMPTY_BODY = YES;
				CLANG_WARN_ENUM_CONVERSION = YES;
				CLANG_WARN_INFINITE_RECURSION = YES;
				CLANG_WARN_INT_CONVERSION = YES;
				CLANG_WARN_NON_LITERAL_NULL_CONVERSION = YES;
				CLANG_WARN_OBJC_IMPLICIT_RETAIN_SELF = YES;
				CLANG_WARN_OBJC_LITERAL_CONVERSION = YES;
				CLANG_WARN_OBJC_ROOT_CLASS = YES_ERROR;
				CLANG_WARN_QUOTED_INCLUDE_IN_FRAMEWORK_HEADER = YES;
				CLANG_WARN_RANGE_LOOP_ANALYSIS = YES;
				CLANG_WARN_STRICT_PROTOTYPES = YES;
				CLANG_WARN_SUSPICIOUS_MOVE = YES;
				CLANG_WARN_UNGUARDED_AVAILABILITY = YES_AGGRESSIVE;
				CLANG_WARN_UNREACHABLE_CODE = YES;
				CLANG_WARN__DUPLICATE_METHOD_MATCH = YES;
				COPY_PHASE_STRIP = NO;
				DEBUG_INFORMATION_FORMAT = dwarf;
				ENABLE_STRICT_OBJC_MSGSEND = YES;
				ENABLE_TESTABILITY = YES;
				GCC_C_LANGUAGE_STANDARD = gnu11;
				GCC_DYNAMIC_NO_PIC = NO;
				GCC_NO_COMMON_BLOCKS = YES;
				GCC_OPTIMIZATION_LEVEL = 0;
				GCC_PREPROCESSOR_DEFINITIONS = (
					"DEBUG=1",
					"$(inherited)",
				);
				GCC_WARN_64_TO_32_BIT_CONVERSION = YES;
				GCC_WARN_ABOUT_RETURN_TYPE = YES_ERROR;
				GCC_WARN_UNDECLARED_SELECTOR = YES;
				GCC_WARN_UNINITIALIZED_AUTOS = YES_AGGRESSIVE;
				GCC_WARN_UNUSED_FUNCTION = YES;
				GCC_WARN_UNUSED_VARIABLE = YES;
				IPHONEOS_DEPLOYMENT_TARGET = 14.4;
				MTL_ENABLE_DEBUG_INFO = INCLUDE_SOURCE;
				MTL_FAST_MATH = YES;
				ONLY_ACTIVE_ARCH = YES;
				SDKROOT = iphoneos;
				SWIFT_ACTIVE_COMPILATION_CONDITIONS = DEBUG;
				SWIFT_OPTIMIZATION_LEVEL = "-Onone";
			};
			name = Debug;
		};
		92D127772695A597006A0E64 /* Release */ = {
			isa = XCBuildConfiguration;
			buildSettings = {
				ALWAYS_SEARCH_USER_PATHS = NO;
				CLANG_ANALYZER_NONNULL = YES;
				CLANG_ANALYZER_NUMBER_OBJECT_CONVERSION = YES_AGGRESSIVE;
				CLANG_CXX_LANGUAGE_STANDARD = "gnu++14";
				CLANG_CXX_LIBRARY = "libc++";
				CLANG_ENABLE_MODULES = YES;
				CLANG_ENABLE_OBJC_ARC = YES;
				CLANG_ENABLE_OBJC_WEAK = YES;
				CLANG_WARN_BLOCK_CAPTURE_AUTORELEASING = YES;
				CLANG_WARN_BOOL_CONVERSION = YES;
				CLANG_WARN_COMMA = YES;
				CLANG_WARN_CONSTANT_CONVERSION = YES;
				CLANG_WARN_DEPRECATED_OBJC_IMPLEMENTATIONS = YES;
				CLANG_WARN_DIRECT_OBJC_ISA_USAGE = YES_ERROR;
				CLANG_WARN_DOCUMENTATION_COMMENTS = YES;
				CLANG_WARN_EMPTY_BODY = YES;
				CLANG_WARN_ENUM_CONVERSION = YES;
				CLANG_WARN_INFINITE_RECURSION = YES;
				CLANG_WARN_INT_CONVERSION = YES;
				CLANG_WARN_NON_LITERAL_NULL_CONVERSION = YES;
				CLANG_WARN_OBJC_IMPLICIT_RETAIN_SELF = YES;
				CLANG_WARN_OBJC_LITERAL_CONVERSION = YES;
				CLANG_WARN_OBJC_ROOT_CLASS = YES_ERROR;
				CLANG_WARN_QUOTED_INCLUDE_IN_FRAMEWORK_HEADER = YES;
				CLANG_WARN_RANGE_LOOP_ANALYSIS = YES;
				CLANG_WARN_STRICT_PROTOTYPES = YES;
				CLANG_WARN_SUSPICIOUS_MOVE = YES;
				CLANG_WARN_UNGUARDED_AVAILABILITY = YES_AGGRESSIVE;
				CLANG_WARN_UNREACHABLE_CODE = YES;
				CLANG_WARN__DUPLICATE_METHOD_MATCH = YES;
				COPY_PHASE_STRIP = NO;
				DEBUG_INFORMATION_FORMAT = "dwarf-with-dsym";
				ENABLE_NS_ASSERTIONS = NO;
				ENABLE_STRICT_OBJC_MSGSEND = YES;
				GCC_C_LANGUAGE_STANDARD = gnu11;
				GCC_NO_COMMON_BLOCKS = YES;
				GCC_WARN_64_TO_32_BIT_CONVERSION = YES;
				GCC_WARN_ABOUT_RETURN_TYPE = YES_ERROR;
				GCC_WARN_UNDECLARED_SELECTOR = YES;
				GCC_WARN_UNINITIALIZED_AUTOS = YES_AGGRESSIVE;
				GCC_WARN_UNUSED_FUNCTION = YES;
				GCC_WARN_UNUSED_VARIABLE = YES;
				IPHONEOS_DEPLOYMENT_TARGET = 14.4;
				MTL_ENABLE_DEBUG_INFO = NO;
				MTL_FAST_MATH = YES;
				SDKROOT = iphoneos;
				SWIFT_COMPILATION_MODE = wholemodule;
				SWIFT_OPTIMIZATION_LEVEL = "-O";
				VALIDATE_PRODUCT = YES;
			};
			name = Release;
		};
		92D127792695A597006A0E64 /* Debug */ = {
			isa = XCBuildConfiguration;
			buildSettings = {
				ASSETCATALOG_COMPILER_APPICON_NAME = AppIcon;
				ASSETCATALOG_COMPILER_GLOBAL_ACCENT_COLOR_NAME = AccentColor;
				CODE_SIGN_STYLE = Automatic;
				INFOPLIST_FILE = "Chat風MemoApp/Info.plist";
				LD_RUNPATH_SEARCH_PATHS = (
					"$(inherited)",
					"@executable_path/Frameworks",
				);
				PRODUCT_BUNDLE_IDENTIFIER = "NaoyukiUmeda.xcode.Chat-MemoApp";
				PRODUCT_NAME = "$(TARGET_NAME)";
				SWIFT_VERSION = 5.0;
				TARGETED_DEVICE_FAMILY = "1,2";
			};
			name = Debug;
		};
		92D1277A2695A597006A0E64 /* Release */ = {
			isa = XCBuildConfiguration;
			buildSettings = {
				ASSETCATALOG_COMPILER_APPICON_NAME = AppIcon;
				ASSETCATALOG_COMPILER_GLOBAL_ACCENT_COLOR_NAME = AccentColor;
				CODE_SIGN_STYLE = Automatic;
				INFOPLIST_FILE = "Chat風MemoApp/Info.plist";
				LD_RUNPATH_SEARCH_PATHS = (
					"$(inherited)",
					"@executable_path/Frameworks",
				);
				PRODUCT_BUNDLE_IDENTIFIER = "NaoyukiUmeda.xcode.Chat-MemoApp";
				PRODUCT_NAME = "$(TARGET_NAME)";
				SWIFT_VERSION = 5.0;
				TARGETED_DEVICE_FAMILY = "1,2";
			};
			name = Release;
		};
		92D1277C2695A597006A0E64 /* Debug */ = {
			isa = XCBuildConfiguration;
			buildSettings = {
				ALWAYS_EMBED_SWIFT_STANDARD_LIBRARIES = YES;
				BUNDLE_LOADER = "$(TEST_HOST)";
				CODE_SIGN_STYLE = Automatic;
				INFOPLIST_FILE = "Chat風MemoAppTests/Info.plist";
				IPHONEOS_DEPLOYMENT_TARGET = 14.4;
				LD_RUNPATH_SEARCH_PATHS = (
					"$(inherited)",
					"@executable_path/Frameworks",
					"@loader_path/Frameworks",
				);
				PRODUCT_BUNDLE_IDENTIFIER = "NaoyukiUmeda.xcode.Chat-MemoAppTests";
				PRODUCT_NAME = "$(TARGET_NAME)";
				SWIFT_VERSION = 5.0;
				TARGETED_DEVICE_FAMILY = "1,2";
				TEST_HOST = "$(BUILT_PRODUCTS_DIR)/Chat風MemoApp.app/Chat風MemoApp";
			};
			name = Debug;
		};
		92D1277D2695A597006A0E64 /* Release */ = {
			isa = XCBuildConfiguration;
			buildSettings = {
				ALWAYS_EMBED_SWIFT_STANDARD_LIBRARIES = YES;
				BUNDLE_LOADER = "$(TEST_HOST)";
				CODE_SIGN_STYLE = Automatic;
				INFOPLIST_FILE = "Chat風MemoAppTests/Info.plist";
				IPHONEOS_DEPLOYMENT_TARGET = 14.4;
				LD_RUNPATH_SEARCH_PATHS = (
					"$(inherited)",
					"@executable_path/Frameworks",
					"@loader_path/Frameworks",
				);
				PRODUCT_BUNDLE_IDENTIFIER = "NaoyukiUmeda.xcode.Chat-MemoAppTests";
				PRODUCT_NAME = "$(TARGET_NAME)";
				SWIFT_VERSION = 5.0;
				TARGETED_DEVICE_FAMILY = "1,2";
				TEST_HOST = "$(BUILT_PRODUCTS_DIR)/Chat風MemoApp.app/Chat風MemoApp";
			};
			name = Release;
		};
		92D1277F2695A597006A0E64 /* Debug */ = {
			isa = XCBuildConfiguration;
			buildSettings = {
				ALWAYS_EMBED_SWIFT_STANDARD_LIBRARIES = YES;
				CODE_SIGN_STYLE = Automatic;
				INFOPLIST_FILE = "Chat風MemoAppUITests/Info.plist";
				LD_RUNPATH_SEARCH_PATHS = (
					"$(inherited)",
					"@executable_path/Frameworks",
					"@loader_path/Frameworks",
				);
				PRODUCT_BUNDLE_IDENTIFIER = "NaoyukiUmeda.xcode.Chat-MemoAppUITests";
				PRODUCT_NAME = "$(TARGET_NAME)";
				SWIFT_VERSION = 5.0;
				TARGETED_DEVICE_FAMILY = "1,2";
				TEST_TARGET_NAME = "Chat風MemoApp";
			};
			name = Debug;
		};
		92D127802695A597006A0E64 /* Release */ = {
			isa = XCBuildConfiguration;
			buildSettings = {
				ALWAYS_EMBED_SWIFT_STANDARD_LIBRARIES = YES;
				CODE_SIGN_STYLE = Automatic;
				INFOPLIST_FILE = "Chat風MemoAppUITests/Info.plist";
				LD_RUNPATH_SEARCH_PATHS = (
					"$(inherited)",
					"@executable_path/Frameworks",
					"@loader_path/Frameworks",
				);
				PRODUCT_BUNDLE_IDENTIFIER = "NaoyukiUmeda.xcode.Chat-MemoAppUITests";
				PRODUCT_NAME = "$(TARGET_NAME)";
				SWIFT_VERSION = 5.0;
				TARGETED_DEVICE_FAMILY = "1,2";
				TEST_TARGET_NAME = "Chat風MemoApp";
			};
			name = Release;
		};
/* End XCBuildConfiguration section */

/* Begin XCConfigurationList section */
		92D127492695A593006A0E64 /* Build configuration list for PBXProject "Chat風MemoApp" */ = {
			isa = XCConfigurationList;
			buildConfigurations = (
				92D127762695A597006A0E64 /* Debug */,
				92D127772695A597006A0E64 /* Release */,
			);
			defaultConfigurationIsVisible = 0;
			defaultConfigurationName = Release;
		};
		92D127782695A597006A0E64 /* Build configuration list for PBXNativeTarget "Chat風MemoApp" */ = {
			isa = XCConfigurationList;
			buildConfigurations = (
				92D127792695A597006A0E64 /* Debug */,
				92D1277A2695A597006A0E64 /* Release */,
			);
			defaultConfigurationIsVisible = 0;
			defaultConfigurationName = Release;
		};
		92D1277B2695A597006A0E64 /* Build configuration list for PBXNativeTarget "Chat風MemoAppTests" */ = {
			isa = XCConfigurationList;
			buildConfigurations = (
				92D1277C2695A597006A0E64 /* Debug */,
				92D1277D2695A597006A0E64 /* Release */,
			);
			defaultConfigurationIsVisible = 0;
			defaultConfigurationName = Release;
		};
		92D1277E2695A597006A0E64 /* Build configuration list for PBXNativeTarget "Chat風MemoAppUITests" */ = {
			isa = XCConfigurationList;
			buildConfigurations = (
				92D1277F2695A597006A0E64 /* Debug */,
				92D127802695A597006A0E64 /* Release */,
			);
			defaultConfigurationIsVisible = 0;
			defaultConfigurationName = Release;
		};
/* End XCConfigurationList section */
	};
	rootObject = 92D127462695A593006A0E64 /* Project object */;
}
